
Microsoft Visual Studio Solution File, Format Version 12.00
Project("{2150E333-8FDC-42A3-9474-1A3956D46DE8}") = "src", "src", "{939BC8B9-A935-492B-BDA5-2ED01119F3DA}"
EndProject
Project("{2150E333-8FDC-42A3-9474-1A3956D46DE8}") = "Contacts", "Contacts", "{E6F884C9-DE82-42AD-8A14-B95B40BF098C}"
EndProject
Project("{FAE04EC0-301F-11D3-BF4B-00C04F79EFBC}") = "Contacts.Api", "src\Contacts\Contacts.Api\Contacts.Api.csproj", "{28BF257F-C4DC-4C50-A07C-078CD1C206AF}"
EndProject
Project("{2150E333-8FDC-42A3-9474-1A3956D46DE8}") = "ContactReports", "ContactReports", "{E8FF53F8-C29C-4EB6-9C72-7C943B8861B9}"
EndProject
Project("{2150E333-8FDC-42A3-9474-1A3956D46DE8}") = "Workers", "Workers", "{746268B9-80CC-4337-B641-E6EE24A05B1A}"
EndProject
Project("{FAE04EC0-301F-11D3-BF4B-00C04F79EFBC}") = "Contacts.Application", "src\Contacts\Contacts.Application\Contacts.Application.csproj", "{C8ABFBAA-52CB-401C-98EE-71B0F376DC79}"
EndProject
Project("{FAE04EC0-301F-11D3-BF4B-00C04F79EFBC}") = "Contacts.Domain", "src\Contacts\Contacts.Domain\Contacts.Domain.csproj", "{EEE1A430-065D-4C0C-8871-EC7259FEE9EF}"
EndProject
Project("{FAE04EC0-301F-11D3-BF4B-00C04F79EFBC}") = "Contacts.Infrastructure", "src\Contacts\Contacts.Infrastructure\Contacts.Infrastructure.csproj", "{D43ADF35-52B1-448F-8830-610CA1A4FAF0}"
EndProject
Project("{FAE04EC0-301F-11D3-BF4B-00C04F79EFBC}") = "ContactReports.Application", "src\Reports\ContactReports.Application\ContactReports.Application.csproj", "{AFFE3919-3FE5-4361-9A37-F2D333322137}"
EndProject
Project("{FAE04EC0-301F-11D3-BF4B-00C04F79EFBC}") = "ContactReports.Domain", "src\Reports\ContactReports.Domain\ContactReports.Domain.csproj", "{4CD7C22C-422D-4F3F-9220-CF04AACDB9B9}"
EndProject
Project("{FAE04EC0-301F-11D3-BF4B-00C04F79EFBC}") = "ContactReports.Infrastructure", "src\Reports\ContactReports.Infrastructure\ContactReports.Infrastructure.csproj", "{48BBD53C-EF80-47EC-AE34-CD73C0ABE439}"
EndProject
Project("{FAE04EC0-301F-11D3-BF4B-00C04F79EFBC}") = "ContactReports.Api", "src\Reports\ContactReports.Api\ContactReports.Api.csproj", "{78C321C3-C684-4CC3-A619-0D65F86CC98F}"
EndProject
Project("{FAE04EC0-301F-11D3-BF4B-00C04F79EFBC}") = "WorkerService", "src\Workers\WorkerService\WorkerService.csproj", "{91DCFB8B-C8BB-46F8-A56F-BA58B9BDB890}"
EndProject
Project("{2150E333-8FDC-42A3-9474-1A3956D46DE8}") = "Solution Items", "Solution Items", "{13C229C4-B875-4253-9FB6-A9BE0F468E5F}"
	ProjectSection(SolutionItems) = preProject
		compose.yaml = compose.yaml
	EndProjectSection
EndProject
Project("{2150E333-8FDC-42A3-9474-1A3956D46DE8}") = "Contacts.Tests", "Contacts.Tests", "{95781A8B-BC9E-4427-A2BC-96A21CCC48A4}"
EndProject
Project("{FAE04EC0-301F-11D3-BF4B-00C04F79EFBC}") = "Contacts.Tests", "src\Contacts.Tests\Contacts.Tests.csproj", "{53B840AA-B7FB-4732-922F-C6B22761C2D1}"
EndProject
Project("{FAE04EC0-301F-11D3-BF4B-00C04F79EFBC}") = "ContactReports.Tests", "src\ContactReports.Tests\ContactReports.Tests.csproj", "{41DECEFA-993D-42A1-9A9C-9E377FF242AF}"
EndProject
Project("{2150E333-8FDC-42A3-9474-1A3956D46DE8}") = "ContactReports.Tests", "ContactReports.Tests", "{3714CCB1-D036-4276-9D27-985C585BC906}"
EndProject
Global
	GlobalSection(SolutionConfigurationPlatforms) = preSolution
		Debug|Any CPU = Debug|Any CPU
		Release|Any CPU = Release|Any CPU
	EndGlobalSection
	GlobalSection(ProjectConfigurationPlatforms) = postSolution
		{28BF257F-C4DC-4C50-A07C-078CD1C206AF}.Debug|Any CPU.ActiveCfg = Debug|Any CPU
		{28BF257F-C4DC-4C50-A07C-078CD1C206AF}.Debug|Any CPU.Build.0 = Debug|Any CPU
		{28BF257F-C4DC-4C50-A07C-078CD1C206AF}.Release|Any CPU.ActiveCfg = Release|Any CPU
		{28BF257F-C4DC-4C50-A07C-078CD1C206AF}.Release|Any CPU.Build.0 = Release|Any CPU
		{C8ABFBAA-52CB-401C-98EE-71B0F376DC79}.Debug|Any CPU.ActiveCfg = Debug|Any CPU
		{C8ABFBAA-52CB-401C-98EE-71B0F376DC79}.Debug|Any CPU.Build.0 = Debug|Any CPU
		{C8ABFBAA-52CB-401C-98EE-71B0F376DC79}.Release|Any CPU.ActiveCfg = Release|Any CPU
		{C8ABFBAA-52CB-401C-98EE-71B0F376DC79}.Release|Any CPU.Build.0 = Release|Any CPU
		{EEE1A430-065D-4C0C-8871-EC7259FEE9EF}.Debug|Any CPU.ActiveCfg = Debug|Any CPU
		{EEE1A430-065D-4C0C-8871-EC7259FEE9EF}.Debug|Any CPU.Build.0 = Debug|Any CPU
		{EEE1A430-065D-4C0C-8871-EC7259FEE9EF}.Release|Any CPU.ActiveCfg = Release|Any CPU
		{EEE1A430-065D-4C0C-8871-EC7259FEE9EF}.Release|Any CPU.Build.0 = Release|Any CPU
		{D43ADF35-52B1-448F-8830-610CA1A4FAF0}.Debug|Any CPU.ActiveCfg = Debug|Any CPU
		{D43ADF35-52B1-448F-8830-610CA1A4FAF0}.Debug|Any CPU.Build.0 = Debug|Any CPU
		{D43ADF35-52B1-448F-8830-610CA1A4FAF0}.Release|Any CPU.ActiveCfg = Release|Any CPU
		{D43ADF35-52B1-448F-8830-610CA1A4FAF0}.Release|Any CPU.Build.0 = Release|Any CPU
		{AFFE3919-3FE5-4361-9A37-F2D333322137}.Debug|Any CPU.ActiveCfg = Debug|Any CPU
		{AFFE3919-3FE5-4361-9A37-F2D333322137}.Debug|Any CPU.Build.0 = Debug|Any CPU
		{AFFE3919-3FE5-4361-9A37-F2D333322137}.Release|Any CPU.ActiveCfg = Release|Any CPU
		{AFFE3919-3FE5-4361-9A37-F2D333322137}.Release|Any CPU.Build.0 = Release|Any CPU
		{4CD7C22C-422D-4F3F-9220-CF04AACDB9B9}.Debug|Any CPU.ActiveCfg = Debug|Any CPU
		{4CD7C22C-422D-4F3F-9220-CF04AACDB9B9}.Debug|Any CPU.Build.0 = Debug|Any CPU
		{4CD7C22C-422D-4F3F-9220-CF04AACDB9B9}.Release|Any CPU.ActiveCfg = Release|Any CPU
		{4CD7C22C-422D-4F3F-9220-CF04AACDB9B9}.Release|Any CPU.Build.0 = Release|Any CPU
		{48BBD53C-EF80-47EC-AE34-CD73C0ABE439}.Debug|Any CPU.ActiveCfg = Debug|Any CPU
		{48BBD53C-EF80-47EC-AE34-CD73C0ABE439}.Debug|Any CPU.Build.0 = Debug|Any CPU
		{48BBD53C-EF80-47EC-AE34-CD73C0ABE439}.Release|Any CPU.ActiveCfg = Release|Any CPU
		{48BBD53C-EF80-47EC-AE34-CD73C0ABE439}.Release|Any CPU.Build.0 = Release|Any CPU
		{78C321C3-C684-4CC3-A619-0D65F86CC98F}.Debug|Any CPU.ActiveCfg = Debug|Any CPU
		{78C321C3-C684-4CC3-A619-0D65F86CC98F}.Debug|Any CPU.Build.0 = Debug|Any CPU
		{78C321C3-C684-4CC3-A619-0D65F86CC98F}.Release|Any CPU.ActiveCfg = Release|Any CPU
		{78C321C3-C684-4CC3-A619-0D65F86CC98F}.Release|Any CPU.Build.0 = Release|Any CPU
		{91DCFB8B-C8BB-46F8-A56F-BA58B9BDB890}.Debug|Any CPU.ActiveCfg = Debug|Any CPU
		{91DCFB8B-C8BB-46F8-A56F-BA58B9BDB890}.Debug|Any CPU.Build.0 = Debug|Any CPU
		{91DCFB8B-C8BB-46F8-A56F-BA58B9BDB890}.Release|Any CPU.ActiveCfg = Release|Any CPU
		{91DCFB8B-C8BB-46F8-A56F-BA58B9BDB890}.Release|Any CPU.Build.0 = Release|Any CPU
		{53B840AA-B7FB-4732-922F-C6B22761C2D1}.Debug|Any CPU.ActiveCfg = Debug|Any CPU
		{53B840AA-B7FB-4732-922F-C6B22761C2D1}.Debug|Any CPU.Build.0 = Debug|Any CPU
		{53B840AA-B7FB-4732-922F-C6B22761C2D1}.Release|Any CPU.ActiveCfg = Release|Any CPU
		{53B840AA-B7FB-4732-922F-C6B22761C2D1}.Release|Any CPU.Build.0 = Release|Any CPU
		{41DECEFA-993D-42A1-9A9C-9E377FF242AF}.Debug|Any CPU.ActiveCfg = Debug|Any CPU
		{41DECEFA-993D-42A1-9A9C-9E377FF242AF}.Debug|Any CPU.Build.0 = Debug|Any CPU
		{41DECEFA-993D-42A1-9A9C-9E377FF242AF}.Release|Any CPU.ActiveCfg = Release|Any CPU
		{41DECEFA-993D-42A1-9A9C-9E377FF242AF}.Release|Any CPU.Build.0 = Release|Any CPU
	EndGlobalSection
	GlobalSection(NestedProjects) = preSolution
		{E6F884C9-DE82-42AD-8A14-B95B40BF098C} = {939BC8B9-A935-492B-BDA5-2ED01119F3DA}
		{28BF257F-C4DC-4C50-A07C-078CD1C206AF} = {E6F884C9-DE82-42AD-8A14-B95B40BF098C}
		{E8FF53F8-C29C-4EB6-9C72-7C943B8861B9} = {939BC8B9-A935-492B-BDA5-2ED01119F3DA}
		{746268B9-80CC-4337-B641-E6EE24A05B1A} = {939BC8B9-A935-492B-BDA5-2ED01119F3DA}
		{C8ABFBAA-52CB-401C-98EE-71B0F376DC79} = {E6F884C9-DE82-42AD-8A14-B95B40BF098C}
		{EEE1A430-065D-4C0C-8871-EC7259FEE9EF} = {E6F884C9-DE82-42AD-8A14-B95B40BF098C}
		{D43ADF35-52B1-448F-8830-610CA1A4FAF0} = {E6F884C9-DE82-42AD-8A14-B95B40BF098C}
		{AFFE3919-3FE5-4361-9A37-F2D333322137} = {E8FF53F8-C29C-4EB6-9C72-7C943B8861B9}
		{4CD7C22C-422D-4F3F-9220-CF04AACDB9B9} = {E8FF53F8-C29C-4EB6-9C72-7C943B8861B9}
		{48BBD53C-EF80-47EC-AE34-CD73C0ABE439} = {E8FF53F8-C29C-4EB6-9C72-7C943B8861B9}
		{78C321C3-C684-4CC3-A619-0D65F86CC98F} = {E8FF53F8-C29C-4EB6-9C72-7C943B8861B9}
		{91DCFB8B-C8BB-46F8-A56F-BA58B9BDB890} = {746268B9-80CC-4337-B641-E6EE24A05B1A}
		{95781A8B-BC9E-4427-A2BC-96A21CCC48A4} = {939BC8B9-A935-492B-BDA5-2ED01119F3DA}
		{53B840AA-B7FB-4732-922F-C6B22761C2D1} = {95781A8B-BC9E-4427-A2BC-96A21CCC48A4}
		{3714CCB1-D036-4276-9D27-985C585BC906} = {939BC8B9-A935-492B-BDA5-2ED01119F3DA}
		{41DECEFA-993D-42A1-9A9C-9E377FF242AF} = {3714CCB1-D036-4276-9D27-985C585BC906}
	EndGlobalSection
EndGlobal
